// !$*UTF8*$!
{
	archiveVersion = 1;
	classes = {
	};
	objectVersion = 55;
	objects = {

/* Begin PBXBuildFile section */
		47E2D75C26FE05E80028BD20 /* Tests_iOS.swift in Sources */ = {isa = PBXBuildFile; fileRef = 47E2D75B26FE05E80028BD20 /* Tests_iOS.swift */; };
		47E2D75E26FE05E80028BD20 /* Tests_iOSLaunchTests.swift in Sources */ = {isa = PBXBuildFile; fileRef = 47E2D75D26FE05E80028BD20 /* Tests_iOSLaunchTests.swift */; };
		47E2D76826FE05E80028BD20 /* Tests_macOS.swift in Sources */ = {isa = PBXBuildFile; fileRef = 47E2D76726FE05E80028BD20 /* Tests_macOS.swift */; };
		47E2D76A26FE05E80028BD20 /* Tests_macOSLaunchTests.swift in Sources */ = {isa = PBXBuildFile; fileRef = 47E2D76926FE05E80028BD20 /* Tests_macOSLaunchTests.swift */; };
		47E2D76B26FE05E80028BD20 /* UI_316App.swift in Sources */ = {isa = PBXBuildFile; fileRef = 47E2D74326FE05E70028BD20 /* UI_316App.swift */; };
		47E2D76C26FE05E80028BD20 /* UI_316App.swift in Sources */ = {isa = PBXBuildFile; fileRef = 47E2D74326FE05E70028BD20 /* UI_316App.swift */; };
		47E2D76D26FE05E80028BD20 /* ContentView.swift in Sources */ = {isa = PBXBuildFile; fileRef = 47E2D74426FE05E70028BD20 /* ContentView.swift */; };
		47E2D76E26FE05E80028BD20 /* ContentView.swift in Sources */ = {isa = PBXBuildFile; fileRef = 47E2D74426FE05E70028BD20 /* ContentView.swift */; };
		47E2D76F26FE05E80028BD20 /* Assets.xcassets in Resources */ = {isa = PBXBuildFile; fileRef = 47E2D74526FE05E80028BD20 /* Assets.xcassets */; };
		47E2D77026FE05E80028BD20 /* Assets.xcassets in Resources */ = {isa = PBXBuildFile; fileRef = 47E2D74526FE05E80028BD20 /* Assets.xcassets */; };
		47E2D78226FE06310028BD20 /* Home.swift in Sources */ = {isa = PBXBuildFile; fileRef = 47E2D78126FE06310028BD20 /* Home.swift */; };
		47E2D78426FE06620028BD20 /* Tab.swift in Sources */ = {isa = PBXBuildFile; fileRef = 47E2D78326FE06620028BD20 /* Tab.swift */; };
		47E2D78626FE0A440028BD20 /* WebView.swift in Sources */ = {isa = PBXBuildFile; fileRef = 47E2D78526FE0A440028BD20 /* WebView.swift */; };
/* End PBXBuildFile section */

/* Begin PBXContainerItemProxy section */
		47E2D75826FE05E80028BD20 /* PBXContainerItemProxy */ = {
			isa = PBXContainerItemProxy;
			containerPortal = 47E2D73E26FE05E70028BD20 /* Project object */;
			proxyType = 1;
			remoteGlobalIDString = 47E2D74926FE05E80028BD20;
			remoteInfo = "UI-316 (iOS)";
		};
		47E2D76426FE05E80028BD20 /* PBXContainerItemProxy */ = {
			isa = PBXContainerItemProxy;
			containerPortal = 47E2D73E26FE05E70028BD20 /* Project object */;
			proxyType = 1;
			remoteGlobalIDString = 47E2D74F26FE05E80028BD20;
			remoteInfo = "UI-316 (macOS)";
		};
/* End PBXContainerItemProxy section */

/* Begin PBXFileReference section */
		47E2D74326FE05E70028BD20 /* UI_316App.swift */ = {isa = PBXFileReference; lastKnownFileType = sourcecode.swift; path = UI_316App.swift; sourceTree = "<group>"; };
		47E2D74426FE05E70028BD20 /* ContentView.swift */ = {isa = PBXFileReference; lastKnownFileType = sourcecode.swift; path = ContentView.swift; sourceTree = "<group>"; };
		47E2D74526FE05E80028BD20 /* Assets.xcassets */ = {isa = PBXFileReference; lastKnownFileType = folder.assetcatalog; path = Assets.xcassets; sourceTree = "<group>"; };
		47E2D74A26FE05E80028BD20 /* UI-316.app */ = {isa = PBXFileReference; explicitFileType = wrapper.application; includeInIndex = 0; path = "UI-316.app"; sourceTree = BUILT_PRODUCTS_DIR; };
		47E2D75026FE05E80028BD20 /* UI-316.app */ = {isa = PBXFileReference; explicitFileType = wrapper.application; includeInIndex = 0; path = "UI-316.app"; sourceTree = BUILT_PRODUCTS_DIR; };
		47E2D75226FE05E80028BD20 /* macOS.entitlements */ = {isa = PBXFileReference; lastKnownFileType = text.plist.entitlements; path = macOS.entitlements; sourceTree = "<group>"; };
		47E2D75726FE05E80028BD20 /* Tests iOS.xctest */ = {isa = PBXFileReference; explicitFileType = wrapper.cfbundle; includeInIndex = 0; path = "Tests iOS.xctest"; sourceTree = BUILT_PRODUCTS_DIR; };
		47E2D75B26FE05E80028BD20 /* Tests_iOS.swift */ = {isa = PBXFileReference; lastKnownFileType = sourcecode.swift; path = Tests_iOS.swift; sourceTree = "<group>"; };
		47E2D75D26FE05E80028BD20 /* Tests_iOSLaunchTests.swift */ = {isa = PBXFileReference; lastKnownFileType = sourcecode.swift; path = Tests_iOSLaunchTests.swift; sourceTree = "<group>"; };
		47E2D76326FE05E80028BD20 /* Tests macOS.xctest */ = {isa = PBXFileReference; explicitFileType = wrapper.cfbundle; includeInIndex = 0; path = "Tests macOS.xctest"; sourceTree = BUILT_PRODUCTS_DIR; };
		47E2D76726FE05E80028BD20 /* Tests_macOS.swift */ = {isa = PBXFileReference; lastKnownFileType = sourcecode.swift; path = Tests_macOS.swift; sourceTree = "<group>"; };
		47E2D76926FE05E80028BD20 /* Tests_macOSLaunchTests.swift */ = {isa = PBXFileReference; lastKnownFileType = sourcecode.swift; path = Tests_macOSLaunchTests.swift; sourceTree = "<group>"; };
		47E2D78126FE06310028BD20 /* Home.swift */ = {isa = PBXFileReference; lastKnownFileType = sourcecode.swift; path = Home.swift; sourceTree = "<group>"; };
		47E2D78326FE06620028BD20 /* Tab.swift */ = {isa = PBXFileReference; lastKnownFileType = sourcecode.swift; path = Tab.swift; sourceTree = "<group>"; };
		47E2D78526FE0A440028BD20 /* WebView.swift */ = {isa = PBXFileReference; lastKnownFileType = sourcecode.swift; path = WebView.swift; sourceTree = "<group>"; };
/* End PBXFileReference section */

/* Begin PBXFrameworksBuildPhase section */
		47E2D74726FE05E80028BD20 /* Frameworks */ = {
			isa = PBXFrameworksBuildPhase;
			buildActionMask = 2147483647;
			files = (
			);
			runOnlyForDeploymentPostprocessing = 0;
		};
		47E2D74D26FE05E80028BD20 /* Frameworks */ = {
			isa = PBXFrameworksBuildPhase;
			buildActionMask = 2147483647;
			files = (
			);
			runOnlyForDeploymentPostprocessing = 0;
		};
		47E2D75426FE05E80028BD20 /* Frameworks */ = {
			isa = PBXFrameworksBuildPhase;
			buildActionMask = 2147483647;
			files = (
			);
			runOnlyForDeploymentPostprocessing = 0;
		};
		47E2D76026FE05E80028BD20 /* Frameworks */ = {
			isa = PBXFrameworksBuildPhase;
			buildActionMask = 2147483647;
			files = (
			);
			runOnlyForDeploymentPostprocessing = 0;
		};
/* End PBXFrameworksBuildPhase section */

/* Begin PBXGroup section */
		47E2D73D26FE05E70028BD20 = {
			isa = PBXGroup;
			children = (
				47E2D74226FE05E70028BD20 /* Shared */,
				47E2D75126FE05E80028BD20 /* macOS */,
				47E2D75A26FE05E80028BD20 /* Tests iOS */,
				47E2D76626FE05E80028BD20 /* Tests macOS */,
				47E2D74B26FE05E80028BD20 /* Products */,
			);
			sourceTree = "<group>";
		};
		47E2D74226FE05E70028BD20 /* Shared */ = {
			isa = PBXGroup;
			children = (
				47E2D78026FE06070028BD20 /* Model */,
				47E2D77F26FE06030028BD20 /* View */,
				47E2D74326FE05E70028BD20 /* UI_316App.swift */,
				47E2D74426FE05E70028BD20 /* ContentView.swift */,
				47E2D74526FE05E80028BD20 /* Assets.xcassets */,
			);
			path = Shared;
			sourceTree = "<group>";
		};
		47E2D74B26FE05E80028BD20 /* Products */ = {
			isa = PBXGroup;
			children = (
				47E2D74A26FE05E80028BD20 /* UI-316.app */,
				47E2D75026FE05E80028BD20 /* UI-316.app */,
				47E2D75726FE05E80028BD20 /* Tests iOS.xctest */,
				47E2D76326FE05E80028BD20 /* Tests macOS.xctest */,
			);
			name = Products;
			sourceTree = "<group>";
		};
		47E2D75126FE05E80028BD20 /* macOS */ = {
			isa = PBXGroup;
			children = (
				47E2D75226FE05E80028BD20 /* macOS.entitlements */,
			);
			path = macOS;
			sourceTree = "<group>";
		};
		47E2D75A26FE05E80028BD20 /* Tests iOS */ = {
			isa = PBXGroup;
			children = (
				47E2D75B26FE05E80028BD20 /* Tests_iOS.swift */,
				47E2D75D26FE05E80028BD20 /* Tests_iOSLaunchTests.swift */,
			);
			path = "Tests iOS";
			sourceTree = "<group>";
		};
		47E2D76626FE05E80028BD20 /* Tests macOS */ = {
			isa = PBXGroup;
			children = (
				47E2D76726FE05E80028BD20 /* Tests_macOS.swift */,
				47E2D76926FE05E80028BD20 /* Tests_macOSLaunchTests.swift */,
			);
			path = "Tests macOS";
			sourceTree = "<group>";
		};
		47E2D77F26FE06030028BD20 /* View */ = {
			isa = PBXGroup;
			children = (
				47E2D78126FE06310028BD20 /* Home.swift */,
				47E2D78526FE0A440028BD20 /* WebView.swift */,
			);
			path = View;
			sourceTree = "<group>";
		};
		47E2D78026FE06070028BD20 /* Model */ = {
			isa = PBXGroup;
			children = (
				47E2D78326FE06620028BD20 /* Tab.swift */,
			);
			path = Model;
			sourceTree = "<group>";
		};
/* End PBXGroup section */

/* Begin PBXNativeTarget section */
		47E2D74926FE05E80028BD20 /* UI-316 (iOS) */ = {
			isa = PBXNativeTarget;
			buildConfigurationList = 47E2D77326FE05E80028BD20 /* Build configuration list for PBXNativeTarget "UI-316 (iOS)" */;
			buildPhases = (
				47E2D74626FE05E80028BD20 /* Sources */,
				47E2D74726FE05E80028BD20 /* Frameworks */,
				47E2D74826FE05E80028BD20 /* Resources */,
			);
			buildRules = (
			);
			dependencies = (
			);
			name = "UI-316 (iOS)";
			productName = "UI-316 (iOS)";
			productReference = 47E2D74A26FE05E80028BD20 /* UI-316.app */;
			productType = "com.apple.product-type.application";
		};
		47E2D74F26FE05E80028BD20 /* UI-316 (macOS) */ = {
			isa = PBXNativeTarget;
			buildConfigurationList = 47E2D77626FE05E80028BD20 /* Build configuration list for PBXNativeTarget "UI-316 (macOS)" */;
			buildPhases = (
				47E2D74C26FE05E80028BD20 /* Sources */,
				47E2D74D26FE05E80028BD20 /* Frameworks */,
				47E2D74E26FE05E80028BD20 /* Resources */,
			);
			buildRules = (
			);
			dependencies = (
			);
			name = "UI-316 (macOS)";
			productName = "UI-316 (macOS)";
			productReference = 47E2D75026FE05E80028BD20 /* UI-316.app */;
			productType = "com.apple.product-type.application";
		};
		47E2D75626FE05E80028BD20 /* Tests iOS */ = {
			isa = PBXNativeTarget;
			buildConfigurationList = 47E2D77926FE05E80028BD20 /* Build configuration list for PBXNativeTarget "Tests iOS" */;
			buildPhases = (
				47E2D75326FE05E80028BD20 /* Sources */,
				47E2D75426FE05E80028BD20 /* Frameworks */,
				47E2D75526FE05E80028BD20 /* Resources */,
			);
			buildRules = (
			);
			dependencies = (
				47E2D75926FE05E80028BD20 /* PBXTargetDependency */,
			);
			name = "Tests iOS";
			productName = "Tests iOS";
			productReference = 47E2D75726FE05E80028BD20 /* Tests iOS.xctest */;
			productType = "com.apple.product-type.bundle.ui-testing";
		};
		47E2D76226FE05E80028BD20 /* Tests macOS */ = {
			isa = PBXNativeTarget;
			buildConfigurationList = 47E2D77C26FE05E80028BD20 /* Build configuration list for PBXNativeTarget "Tests macOS" */;
			buildPhases = (
				47E2D75F26FE05E80028BD20 /* Sources */,
				47E2D76026FE05E80028BD20 /* Frameworks */,
				47E2D76126FE05E80028BD20 /* Resources */,
			);
			buildRules = (
			);
			dependencies = (
				47E2D76526FE05E80028BD20 /* PBXTargetDependency */,
			);
			name = "Tests macOS";
			productName = "Tests macOS";
			productReference = 47E2D76326FE05E80028BD20 /* Tests macOS.xctest */;
			productType = "com.apple.product-type.bundle.ui-testing";
		};
/* End PBXNativeTarget section */

/* Begin PBXProject section */
		47E2D73E26FE05E70028BD20 /* Project object */ = {
			isa = PBXProject;
			attributes = {
				BuildIndependentTargetsInParallel = 1;
				LastSwiftUpdateCheck = 1300;
				LastUpgradeCheck = 1300;
				TargetAttributes = {
					47E2D74926FE05E80028BD20 = {
						CreatedOnToolsVersion = 13.0;
					};
					47E2D74F26FE05E80028BD20 = {
						CreatedOnToolsVersion = 13.0;
					};
					47E2D75626FE05E80028BD20 = {
						CreatedOnToolsVersion = 13.0;
						TestTargetID = 47E2D74926FE05E80028BD20;
					};
					47E2D76226FE05E80028BD20 = {
						CreatedOnToolsVersion = 13.0;
						TestTargetID = 47E2D74F26FE05E80028BD20;
					};
				};
			};
			buildConfigurationList = 47E2D74126FE05E70028BD20 /* Build configuration list for PBXProject "UI-316" */;
			compatibilityVersion = "Xcode 13.0";
			developmentRegion = en;
			hasScannedForEncodings = 0;
			knownRegions = (
				en,
				Base,
			);
			mainGroup = 47E2D73D26FE05E70028BD20;
			productRefGroup = 47E2D74B26FE05E80028BD20 /* Products */;
			projectDirPath = "";
			projectRoot = "";
			targets = (
				47E2D74926FE05E80028BD20 /* UI-316 (iOS) */,
				47E2D74F26FE05E80028BD20 /* UI-316 (macOS) */,
				47E2D75626FE05E80028BD20 /* Tests iOS */,
				47E2D76226FE05E80028BD20 /* Tests macOS */,
			);
		};
/* End PBXProject section */

/* Begin PBXResourcesBuildPhase section */
		47E2D74826FE05E80028BD20 /* Resources */ = {
			isa = PBXResourcesBuildPhase;
			buildActionMask = 2147483647;
			files = (
				47E2D76F26FE05E80028BD20 /* Assets.xcassets in Resources */,
			);
			runOnlyForDeploymentPostprocessing = 0;
		};
		47E2D74E26FE05E80028BD20 /* Resources */ = {
			isa = PBXResourcesBuildPhase;
			buildActionMask = 2147483647;
			files = (
				47E2D77026FE05E80028BD20 /* Assets.xcassets in Resources */,
			);
			runOnlyForDeploymentPostprocessing = 0;
		};
		47E2D75526FE05E80028BD20 /* Resources */ = {
			isa = PBXResourcesBuildPhase;
			buildActionMask = 2147483647;
			files = (
			);
			runOnlyForDeploymentPostprocessing = 0;
		};
		47E2D76126FE05E80028BD20 /* Resources */ = {
			isa = PBXResourcesBuildPhase;
			buildActionMask = 2147483647;
			files = (
			);
			runOnlyForDeploymentPostprocessing = 0;
		};
/* End PBXResourcesBuildPhase section */

/* Begin PBXSourcesBuildPhase section */
		47E2D74626FE05E80028BD20 /* Sources */ = {
			isa = PBXSourcesBuildPhase;
			buildActionMask = 2147483647;
			files = (
				47E2D76D26FE05E80028BD20 /* ContentView.swift in Sources */,
				47E2D78626FE0A440028BD20 /* WebView.swift in Sources */,
				47E2D78226FE06310028BD20 /* Home.swift in Sources */,
				47E2D76B26FE05E80028BD20 /* UI_316App.swift in Sources */,
				47E2D78426FE06620028BD20 /* Tab.swift in Sources */,
			);
			runOnlyForDeploymentPostprocessing = 0;
		};
		47E2D74C26FE05E80028BD20 /* Sources */ = {
			isa = PBXSourcesBuildPhase;
			buildActionMask = 2147483647;
			files = (
				47E2D76E26FE05E80028BD20 /* ContentView.swift in Sources */,
				47E2D76C26FE05E80028BD20 /* UI_316App.swift in Sources */,
			);
			runOnlyForDeploymentPostprocessing = 0;
		};
		47E2D75326FE05E80028BD20 /* Sources */ = {
			isa = PBXSourcesBuildPhase;
			buildActionMask = 2147483647;
			files = (
				47E2D75E26FE05E80028BD20 /* Tests_iOSLaunchTests.swift in Sources */,
				47E2D75C26FE05E80028BD20 /* Tests_iOS.swift in Sources */,
			);
			runOnlyForDeploymentPostprocessing = 0;
		};
		47E2D75F26FE05E80028BD20 /* Sources */ = {
			isa = PBXSourcesBuildPhase;
			buildActionMask = 2147483647;
			files = (
				47E2D76A26FE05E80028BD20 /* Tests_macOSLaunchTests.swift in Sources */,
				47E2D76826FE05E80028BD20 /* Tests_macOS.swift in Sources */,
			);
			runOnlyForDeploymentPostprocessing = 0;
		};
/* End PBXSourcesBuildPhase section */

/* Begin PBXTargetDependency section */
		47E2D75926FE05E80028BD20 /* PBXTargetDependency */ = {
			isa = PBXTargetDependency;
			target = 47E2D74926FE05E80028BD20 /* UI-316 (iOS) */;
			targetProxy = 47E2D75826FE05E80028BD20 /* PBXContainerItemProxy */;
		};
		47E2D76526FE05E80028BD20 /* PBXTargetDependency */ = {
			isa = PBXTargetDependency;
			target = 47E2D74F26FE05E80028BD20 /* UI-316 (macOS) */;
			targetProxy = 47E2D76426FE05E80028BD20 /* PBXContainerItemProxy */;
		};
/* End PBXTargetDependency section */

/* Begin XCBuildConfiguration section */
		47E2D77126FE05E80028BD20 /* Debug */ = {
			isa = XCBuildConfiguration;
			buildSettings = {
				ALWAYS_SEARCH_USER_PATHS = NO;
				CLANG_ANALYZER_NONNULL = YES;
				CLANG_ANALYZER_NUMBER_OBJECT_CONVERSION = YES_AGGRESSIVE;
				CLANG_CXX_LANGUAGE_STANDARD = "gnu++17";
				CLANG_CXX_LIBRARY = "libc++";
				CLANG_ENABLE_MODULES = YES;
				CLANG_ENABLE_OBJC_ARC = YES;
				CLANG_ENABLE_OBJC_WEAK = YES;
				CLANG_WARN_BLOCK_CAPTURE_AUTORELEASING = YES;
				CLANG_WARN_BOOL_CONVERSION = YES;
				CLANG_WARN_COMMA = YES;
				CLANG_WARN_CONSTANT_CONVERSION = YES;
				CLANG_WARN_DEPRECATED_OBJC_IMPLEMENTATIONS = YES;
				CLANG_WARN_DIRECT_OBJC_ISA_USAGE = YES_ERROR;
				CLANG_WARN_DOCUMENTATION_COMMENTS = YES;
				CLANG_WARN_EMPTY_BODY = YES;
				CLANG_WARN_ENUM_CONVERSION = YES;
				CLANG_WARN_INFINITE_RECURSION = YES;
				CLANG_WARN_INT_CONVERSION = YES;
				CLANG_WARN_NON_LITERAL_NULL_CONVERSION = YES;
				CLANG_WARN_OBJC_IMPLICIT_RETAIN_SELF = YES;
				CLANG_WARN_OBJC_LITERAL_CONVERSION = YES;
				CLANG_WARN_OBJC_ROOT_CLASS = YES_ERROR;
				CLANG_WARN_QUOTED_INCLUDE_IN_FRAMEWORK_HEADER = YES;
				CLANG_WARN_RANGE_LOOP_ANALYSIS = YES;
				CLANG_WARN_STRICT_PROTOTYPES = YES;
				CLANG_WARN_SUSPICIOUS_MOVE = YES;
				CLANG_WARN_UNGUARDED_AVAILABILITY = YES_AGGRESSIVE;
				CLANG_WARN_UNREACHABLE_CODE = YES;
				CLANG_WARN__DUPLICATE_METHOD_MATCH = YES;
				COPY_PHASE_STRIP = NO;
				DEBUG_INFORMATION_FORMAT = dwarf;
				ENABLE_STRICT_OBJC_MSGSEND = YES;
				ENABLE_TESTABILITY = YES;
				GCC_C_LANGUAGE_STANDARD = gnu11;
				GCC_DYNAMIC_NO_PIC = NO;
				GCC_NO_COMMON_BLOCKS = YES;
				GCC_OPTIMIZATION_LEVEL = 0;
				GCC_PREPROCESSOR_DEFINITIONS = (
					"DEBUG=1",
					"$(inherited)",
				);
				GCC_WARN_64_TO_32_BIT_CONVERSION = YES;
				GCC_WARN_ABOUT_RETURN_TYPE = YES_ERROR;
				GCC_WARN_UNDECLARED_SELECTOR = YES;
				GCC_WARN_UNINITIALIZED_AUTOS = YES_AGGRESSIVE;
				GCC_WARN_UNUSED_FUNCTION = YES;
				GCC_WARN_UNUSED_VARIABLE = YES;
				MTL_ENABLE_DEBUG_INFO = INCLUDE_SOURCE;
				MTL_FAST_MATH = YES;
				ONLY_ACTIVE_ARCH = YES;
				SWIFT_ACTIVE_COMPILATION_CONDITIONS = DEBUG;
				SWIFT_OPTIMIZATION_LEVEL = "-Onone";
			};
			name = Debug;
		};
		47E2D77226FE05E80028BD20 /* Release */ = {
			isa = XCBuildConfiguration;
			buildSettings = {
				ALWAYS_SEARCH_USER_PATHS = NO;
				CLANG_ANALYZER_NONNULL = YES;
				CLANG_ANALYZER_NUMBER_OBJECT_CONVERSION = YES_AGGRESSIVE;
				CLANG_CXX_LANGUAGE_STANDARD = "gnu++17";
				CLANG_CXX_LIBRARY = "libc++";
				CLANG_ENABLE_MODULES = YES;
				CLANG_ENABLE_OBJC_ARC = YES;
				CLANG_ENABLE_OBJC_WEAK = YES;
				CLANG_WARN_BLOCK_CAPTURE_AUTORELEASING = YES;
				CLANG_WARN_BOOL_CONVERSION = YES;
				CLANG_WARN_COMMA = YES;
				CLANG_WARN_CONSTANT_CONVERSION = YES;
				CLANG_WARN_DEPRECATED_OBJC_IMPLEMENTATIONS = YES;
				CLANG_WARN_DIRECT_OBJC_ISA_USAGE = YES_ERROR;
				CLANG_WARN_DOCUMENTATION_COMMENTS = YES;
				CLANG_WARN_EMPTY_BODY = YES;
				CLANG_WARN_ENUM_CONVERSION = YES;
				CLANG_WARN_INFINITE_RECURSION = YES;
				CLANG_WARN_INT_CONVERSION = YES;
				CLANG_WARN_NON_LITERAL_NULL_CONVERSION = YES;
				CLANG_WARN_OBJC_IMPLICIT_RETAIN_SELF = YES;
				CLANG_WARN_OBJC_LITERAL_CONVERSION = YES;
				CLANG_WARN_OBJC_ROOT_CLASS = YES_ERROR;
				CLANG_WARN_QUOTED_INCLUDE_IN_FRAMEWORK_HEADER = YES;
				CLANG_WARN_RANGE_LOOP_ANALYSIS = YES;
				CLANG_WARN_STRICT_PROTOTYPES = YES;
				CLANG_WARN_SUSPICIOUS_MOVE = YES;
				CLANG_WARN_UNGUARDED_AVAILABILITY = YES_AGGRESSIVE;
				CLANG_WARN_UNREACHABLE_CODE = YES;
				CLANG_WARN__DUPLICATE_METHOD_MATCH = YES;
				COPY_PHASE_STRIP = NO;
				DEBUG_INFORMATION_FORMAT = "dwarf-with-dsym";
				ENABLE_NS_ASSERTIONS = NO;
				ENABLE_STRICT_OBJC_MSGSEND = YES;
				GCC_C_LANGUAGE_STANDARD = gnu11;
				GCC_NO_COMMON_BLOCKS = YES;
				GCC_WARN_64_TO_32_BIT_CONVERSION = YES;
				GCC_WARN_ABOUT_RETURN_TYPE = YES_ERROR;
				GCC_WARN_UNDECLARED_SELECTOR = YES;
				GCC_WARN_UNINITIALIZED_AUTOS = YES_AGGRESSIVE;
				GCC_WARN_UNUSED_FUNCTION = YES;
				GCC_WARN_UNUSED_VARIABLE = YES;
				MTL_ENABLE_DEBUG_INFO = NO;
				MTL_FAST_MATH = YES;
				SWIFT_COMPILATION_MODE = wholemodule;
				SWIFT_OPTIMIZATION_LEVEL = "-O";
			};
			name = Release;
		};
		47E2D77426FE05E80028BD20 /* Debug */ = {
			isa = XCBuildConfiguration;
			buildSettings = {
				ASSETCATALOG_COMPILER_APPICON_NAME = AppIcon;
				ASSETCATALOG_COMPILER_GLOBAL_ACCENT_COLOR_NAME = AccentColor;
				CODE_SIGN_STYLE = Automatic;
				CURRENT_PROJECT_VERSION = 1;
				DEVELOPMENT_TEAM = 8CL4U468K5;
				ENABLE_PREVIEWS = YES;
				GENERATE_INFOPLIST_FILE = YES;
				INFOPLIST_KEY_UIApplicationSceneManifest_Generation = YES;
				INFOPLIST_KEY_UIApplicationSupportsIndirectInputEvents = YES;
				INFOPLIST_KEY_UILaunchScreen_Generation = YES;
				INFOPLIST_KEY_UISupportedInterfaceOrientations_iPad = "UIInterfaceOrientationPortrait UIInterfaceOrientationPortraitUpsideDown UIInterfaceOrientationLandscapeLeft UIInterfaceOrientationLandscapeRight";
				INFOPLIST_KEY_UISupportedInterfaceOrientations_iPhone = "UIInterfaceOrientationPortrait UIInterfaceOrientationLandscapeLeft UIInterfaceOrientationLandscapeRight";
				IPHONEOS_DEPLOYMENT_TARGET = 15.0;
				LD_RUNPATH_SEARCH_PATHS = (
					"$(inherited)",
					"@executable_path/Frameworks",
				);
				MARKETING_VERSION = 1.0;
				PRODUCT_BUNDLE_IDENTIFIER = "com.587.UI-316";
				PRODUCT_NAME = "UI-316";
				SDKROOT = iphoneos;
				SWIFT_EMIT_LOC_STRINGS = YES;
				SWIFT_VERSION = 5.0;
				TARGETED_DEVICE_FAMILY = "1,2";
			};
			name = Debug;
		};
		47E2D77526FE05E80028BD20 /* Release */ = {
			isa = XCBuildConfiguration;
			buildSettings = {
				ASSETCATALOG_COMPILER_APPICON_NAME = AppIcon;
				ASSETCATALOG_COMPILER_GLOBAL_ACCENT_COLOR_NAME = AccentColor;
				CODE_SIGN_STYLE = Automatic;
				CURRENT_PROJECT_VERSION = 1;
				DEVELOPMENT_TEAM = 8CL4U468K5;
				ENABLE_PREVIEWS = YES;
				GENERATE_INFOPLIST_FILE = YES;
				INFOPLIST_KEY_UIApplicationSceneManifest_Generation = YES;
				INFOPLIST_KEY_UIApplicationSupportsIndirectInputEvents = YES;
				INFOPLIST_KEY_UILaunchScreen_Generation = YES;
				INFOPLIST_KEY_UISupportedInterfaceOrientations_iPad = "UIInterfaceOrientationPortrait UIInterfaceOrientationPortraitUpsideDown UIInterfaceOrientationLandscapeLeft UIInterfaceOrientationLandscapeRight";
				INFOPLIST_KEY_UISupportedInterfaceOrientations_iPhone = "UIInterfaceOrientationPortrait UIInterfaceOrientationLandscapeLeft UIInterfaceOrientationLandscapeRight";
				IPHONEOS_DEPLOYMENT_TARGET = 15.0;
				LD_RUNPATH_SEARCH_PATHS = (
					"$(inherited)",
					"@executable_path/Frameworks",
				);
				MARKETING_VERSION = 1.0;
				PRODUCT_BUNDLE_IDENTIFIER = "com.587.UI-316";
				PRODUCT_NAME = "UI-316";
				SDKROOT = iphoneos;
				SWIFT_EMIT_LOC_STRINGS = YES;
				SWIFT_VERSION = 5.0;
				TARGETED_DEVICE_FAMILY = "1,2";
				VALIDATE_PRODUCT = YES;
			};
			name = Release;
		};
		47E2D77726FE05E80028BD20 /* Debug */ = {
			isa = XCBuildConfiguration;
			buildSettings = {
				ASSETCATALOG_COMPILER_APPICON_NAME = AppIcon;
				ASSETCATALOG_COMPILER_GLOBAL_ACCENT_COLOR_NAME = AccentColor;
				CODE_SIGN_ENTITLEMENTS = macOS/macOS.entitlements;
				CODE_SIGN_STYLE = Automatic;
				COMBINE_HIDPI_IMAGES = YES;
				CURRENT_PROJECT_VERSION = 1;
				DEVELOPMENT_TEAM = 8CL4U468K5;
				ENABLE_HARDENED_RUNTIME = YES;
				ENABLE_PREVIEWS = YES;
				GENERATE_INFOPLIST_FILE = YES;
				INFOPLIST_KEY_NSHumanReadableCopyright = "";
				LD_RUNPATH_SEARCH_PATHS = (
					"$(inherited)",
					"@executable_path/../Frameworks",
				);
				MACOSX_DEPLOYMENT_TARGET = 11.0;
				MARKETING_VERSION = 1.0;
				PRODUCT_BUNDLE_IDENTIFIER = "com.587.UI-316";
				PRODUCT_NAME = "UI-316";
				SDKROOT = macosx;
				SWIFT_EMIT_LOC_STRINGS = YES;
				SWIFT_VERSION = 5.0;
			};
			name = Debug;
		};
		47E2D77826FE05E80028BD20 /* Release */ = {
			isa = XCBuildConfiguration;
			buildSettings = {
				ASSETCATALOG_COMPILER_APPICON_NAME = AppIcon;
				ASSETCATALOG_COMPILER_GLOBAL_ACCENT_COLOR_NAME = AccentColor;
				CODE_SIGN_ENTITLEMENTS = macOS/macOS.entitlements;
				CODE_SIGN_STYLE = Automatic;
				COMBINE_HIDPI_IMAGES = YES;
				CURRENT_PROJECT_VERSION = 1;
				DEVELOPMENT_TEAM = 8CL4U468K5;
				ENABLE_HARDENED_RUNTIME = YES;
				ENABLE_PREVIEWS = YES;
				GENERATE_INFOPLIST_FILE = YES;
				INFOPLIST_KEY_NSHumanReadableCopyright = "";
				LD_RUNPATH_SEARCH_PATHS = (
					"$(inherited)",
					"@executable_path/../Frameworks",
				);
				MACOSX_DEPLOYMENT_TARGET = 11.0;
				MARKETING_VERSION = 1.0;
				PRODUCT_BUNDLE_IDENTIFIER = "com.587.UI-316";
				PRODUCT_NAME = "UI-316";
				SDKROOT = macosx;
				SWIFT_EMIT_LOC_STRINGS = YES;
				SWIFT_VERSION = 5.0;
			};
			name = Release;
		};
		47E2D77A26FE05E80028BD20 /* Debug */ = {
			isa = XCBuildConfiguration;
			buildSettings = {
				ALWAYS_EMBED_SWIFT_STANDARD_LIBRARIES = YES;
				CODE_SIGN_STYLE = Automatic;
				CURRENT_PROJECT_VERSION = 1;
				DEVELOPMENT_TEAM = 8CL4U468K5;
				GENERATE_INFOPLIST_FILE = YES;
				IPHONEOS_DEPLOYMENT_TARGET = 15.0;
				LD_RUNPATH_SEARCH_PATHS = (
					"$(inherited)",
					"@executable_path/Frameworks",
					"@loader_path/Frameworks",
				);
				MARKETING_VERSION = 1.0;
				PRODUCT_BUNDLE_IDENTIFIER = "com.587.Tests-iOS";
				PRODUCT_NAME = "$(TARGET_NAME)";
				SDKROOT = iphoneos;
				SWIFT_EMIT_LOC_STRINGS = NO;
				SWIFT_VERSION = 5.0;
				TARGETED_DEVICE_FAMILY = "1,2";
				TEST_TARGET_NAME = "UI-316 (iOS)";
			};
			name = Debug;
		};
		47E2D77B26FE05E80028BD20 /* Release */ = {
			isa = XCBuildConfiguration;
			buildSettings = {
				ALWAYS_EMBED_SWIFT_STANDARD_LIBRARIES = YES;
				CODE_SIGN_STYLE = Automatic;
				CURRENT_PROJECT_VERSION = 1;
				DEVELOPMENT_TEAM = 8CL4U468K5;
				GENERATE_INFOPLIST_FILE = YES;
				IPHONEOS_DEPLOYMENT_TARGET = 15.0;
				LD_RUNPATH_SEARCH_PATHS = (
					"$(inherited)",
					"@executable_path/Frameworks",
					"@loader_path/Frameworks",
				);
				MARKETING_VERSION = 1.0;
				PRODUCT_BUNDLE_IDENTIFIER = "com.587.Tests-iOS";
				PRODUCT_NAME = "$(TARGET_NAME)";
				SDKROOT = iphoneos;
				SWIFT_EMIT_LOC_STRINGS = NO;
				SWIFT_VERSION = 5.0;
				TARGETED_DEVICE_FAMILY = "1,2";
				TEST_TARGET_NAME = "UI-316 (iOS)";
				VALIDATE_PRODUCT = YES;
			};
			name = Release;
		};
		47E2D77D26FE05E80028BD20 /* Debug */ = {
			isa = XCBuildConfiguration;
			buildSettings = {
				ALWAYS_EMBED_SWIFT_STANDARD_LIBRARIES = YES;
				CODE_SIGN_STYLE = Automatic;
				COMBINE_HIDPI_IMAGES = YES;
				CURRENT_PROJECT_VERSION = 1;
				DEVELOPMENT_TEAM = 8CL4U468K5;
				GENERATE_INFOPLIST_FILE = YES;
				LD_RUNPATH_SEARCH_PATHS = (
					"$(inherited)",
					"@executable_path/../Frameworks",
					"@loader_path/../Frameworks",
				);
				MACOSX_DEPLOYMENT_TARGET = 11.3;
				MARKETING_VERSION = 1.0;
				PRODUCT_BUNDLE_IDENTIFIER = "com.587.Tests-macOS";
				PRODUCT_NAME = "$(TARGET_NAME)";
				SDKROOT = macosx;
				SWIFT_EMIT_LOC_STRINGS = NO;
				SWIFT_VERSION = 5.0;
				TEST_TARGET_NAME = "UI-316 (macOS)";
			};
			name = Debug;
		};
		47E2D77E26FE05E80028BD20 /* Release */ = {
			isa = XCBuildConfiguration;
			buildSettings = {
				ALWAYS_EMBED_SWIFT_STANDARD_LIBRARIES = YES;
				CODE_SIGN_STYLE = Automatic;
				COMBINE_HIDPI_IMAGES = YES;
				CURRENT_PROJECT_VERSION = 1;
				DEVELOPMENT_TEAM = 8CL4U468K5;
				GENERATE_INFOPLIST_FILE = YES;
				LD_RUNPATH_SEARCH_PATHS = (
					"$(inherited)",
					"@executable_path/../Frameworks",
					"@loader_path/../Frameworks",
				);
				MACOSX_DEPLOYMENT_TARGET = 11.3;
				MARKETING_VERSION = 1.0;
				PRODUCT_BUNDLE_IDENTIFIER = "com.587.Tests-macOS";
				PRODUCT_NAME = "$(TARGET_NAME)";
				SDKROOT = macosx;
				SWIFT_EMIT_LOC_STRINGS = NO;
				SWIFT_VERSION = 5.0;
				TEST_TARGET_NAME = "UI-316 (macOS)";
			};
			name = Release;
		};
/* End XCBuildConfiguration section */

/* Begin XCConfigurationList section */
		47E2D74126FE05E70028BD20 /* Build configuration list for PBXProject "UI-316" */ = {
			isa = XCConfigurationList;
			buildConfigurations = (
				47E2D77126FE05E80028BD20 /* Debug */,
				47E2D77226FE05E80028BD20 /* Release */,
			);
			defaultConfigurationIsVisible = 0;
			defaultConfigurationName = Release;
		};
		47E2D77326FE05E80028BD20 /* Build configuration list for PBXNativeTarget "UI-316 (iOS)" */ = {
			isa = XCConfigurationList;
			buildConfigurations = (
				47E2D77426FE05E80028BD20 /* Debug */,
				47E2D77526FE05E80028BD20 /* Release */,
			);
			defaultConfigurationIsVisible = 0;
			defaultConfigurationName = Release;
		};
		47E2D77626FE05E80028BD20 /* Build configuration list for PBXNativeTarget "UI-316 (macOS)" */ = {
			isa = XCConfigurationList;
			buildConfigurations = (
				47E2D77726FE05E80028BD20 /* Debug */,
				47E2D77826FE05E80028BD20 /* Release */,
			);
			defaultConfigurationIsVisible = 0;
			defaultConfigurationName = Release;
		};
		47E2D77926FE05E80028BD20 /* Build configuration list for PBXNativeTarget "Tests iOS" */ = {
			isa = XCConfigurationList;
			buildConfigurations = (
				47E2D77A26FE05E80028BD20 /* Debug */,
				47E2D77B26FE05E80028BD20 /* Release */,
			);
			defaultConfigurationIsVisible = 0;
			defaultConfigurationName = Release;
		};
		47E2D77C26FE05E80028BD20 /* Build configuration list for PBXNativeTarget "Tests macOS" */ = {
			isa = XCConfigurationList;
			buildConfigurations = (
				47E2D77D26FE05E80028BD20 /* Debug */,
				47E2D77E26FE05E80028BD20 /* Release */,
			);
			defaultConfigurationIsVisible = 0;
			defaultConfigurationName = Release;
		};
/* End XCConfigurationList section */
	};
	rootObject = 47E2D73E26FE05E70028BD20 /* Project object */;
}
